
Microsoft Visual Studio Solution File, Format Version 12.00
# Visual Studio Version 17
VisualStudioVersion = 17.1.32328.378
MinimumVisualStudioVersion = 10.0.40219.1
Project("{9A19103F-16F7-4668-BE54-9A1E7A4F7556}") = "ListaDeComprasInteligente.API", "ListaDeComprasInteligente.API\ListaDeComprasInteligente.API.csproj", "{45D7DAB6-AB10-4C80-A941-5C6574FF0185}"
EndProject
Project("{9A19103F-16F7-4668-BE54-9A1E7A4F7556}") = "ListaDeComprasInteligente.Domain", "ListaDeComprasInteligente.Domain\ListaDeComprasInteligente.Domain.csproj", "{10939F82-EBD0-43AD-84D2-77906AD7F5FA}"
EndProject
Project("{9A19103F-16F7-4668-BE54-9A1E7A4F7556}") = "ListaDeComprasInteligente.Service", "ListaDeComprasInteligente.Service\ListaDeComprasInteligente.Service.csproj", "{D9910CB8-870B-456D-B074-C5BCBED88AC2}"
EndProject
Project("{9A19103F-16F7-4668-BE54-9A1E7A4F7556}") = "LitaDeComprasInteligente.UnitTests", "LitaDeComprasInteligente.UnitTests\LitaDeComprasInteligente.UnitTests.csproj", "{A49F993D-C5D6-485C-804F-526404B0CA36}"
EndProject
Project("{2150E333-8FDC-42A3-9474-1A3956D46DE8}") = "Tests", "Tests", "{F1ECE79F-EFA2-4B60-ACE7-E9E6FCDB1D0A}"
EndProject
Project("{2150E333-8FDC-42A3-9474-1A3956D46DE8}") = "Src", "Src", "{AE00F0CB-656C-4EA3-9B69-F3AE78FACFF9}"
EndProject
Project("{9A19103F-16F7-4668-BE54-9A1E7A4F7556}") = "ListaDeComprasInteligente.Scraper", "ListaDeComprasInteligente.Scraper\ListaDeComprasInteligente.Scraper.csproj", "{0080DE5C-98DE-4EB2-913E-43D9AA35FC58}"
EndProject
Project("{2150E333-8FDC-42A3-9474-1A3956D46DE8}") = "UI", "UI", "{1E064F6F-CBB1-43CC-99EE-77E9608C5A5E}"
EndProject
Project("{9A19103F-16F7-4668-BE54-9A1E7A4F7556}") = "ListaDeComprasInteligente.WebApp", "ListaDeComprasInteligente.WebApp\ListaDeComprasInteligente.WebApp.csproj", "{659E367F-FF33-4491-8C3B-B695F1BB4036}"
EndProject
Project("{9A19103F-16F7-4668-BE54-9A1E7A4F7556}") = "ListaDeComprasInteligente.Shared", "ListaDeComprasInteligente.Shared\ListaDeComprasInteligente.Shared.csproj", "{20318892-9E86-4E61-A7E3-76EFB3512A5C}"
EndProject
Global
	GlobalSection(SolutionConfigurationPlatforms) = preSolution
		Debug|Any CPU = Debug|Any CPU
		Release|Any CPU = Release|Any CPU
	EndGlobalSection
	GlobalSection(ProjectConfigurationPlatforms) = postSolution
		{45D7DAB6-AB10-4C80-A941-5C6574FF0185}.Debug|Any CPU.ActiveCfg = Debug|Any CPU
		{45D7DAB6-AB10-4C80-A941-5C6574FF0185}.Debug|Any CPU.Build.0 = Debug|Any CPU
		{45D7DAB6-AB10-4C80-A941-5C6574FF0185}.Release|Any CPU.ActiveCfg = Release|Any CPU
		{45D7DAB6-AB10-4C80-A941-5C6574FF0185}.Release|Any CPU.Build.0 = Release|Any CPU
		{10939F82-EBD0-43AD-84D2-77906AD7F5FA}.Debug|Any CPU.ActiveCfg = Debug|Any CPU
		{10939F82-EBD0-43AD-84D2-77906AD7F5FA}.Debug|Any CPU.Build.0 = Debug|Any CPU
		{10939F82-EBD0-43AD-84D2-77906AD7F5FA}.Release|Any CPU.ActiveCfg = Release|Any CPU
		{10939F82-EBD0-43AD-84D2-77906AD7F5FA}.Release|Any CPU.Build.0 = Release|Any CPU
		{D9910CB8-870B-456D-B074-C5BCBED88AC2}.Debug|Any CPU.ActiveCfg = Debug|Any CPU
		{D9910CB8-870B-456D-B074-C5BCBED88AC2}.Debug|Any CPU.Build.0 = Debug|Any CPU
		{D9910CB8-870B-456D-B074-C5BCBED88AC2}.Release|Any CPU.ActiveCfg = Release|Any CPU
		{D9910CB8-870B-456D-B074-C5BCBED88AC2}.Release|Any CPU.Build.0 = Release|Any CPU
		{A49F993D-C5D6-485C-804F-526404B0CA36}.Debug|Any CPU.ActiveCfg = Debug|Any CPU
		{A49F993D-C5D6-485C-804F-526404B0CA36}.Debug|Any CPU.Build.0 = Debug|Any CPU
		{A49F993D-C5D6-485C-804F-526404B0CA36}.Release|Any CPU.ActiveCfg = Release|Any CPU
		{A49F993D-C5D6-485C-804F-526404B0CA36}.Release|Any CPU.Build.0 = Release|Any CPU
		{0080DE5C-98DE-4EB2-913E-43D9AA35FC58}.Debug|Any CPU.ActiveCfg = Debug|Any CPU
		{0080DE5C-98DE-4EB2-913E-43D9AA35FC58}.Debug|Any CPU.Build.0 = Debug|Any CPU
		{0080DE5C-98DE-4EB2-913E-43D9AA35FC58}.Release|Any CPU.ActiveCfg = Release|Any CPU
		{0080DE5C-98DE-4EB2-913E-43D9AA35FC58}.Release|Any CPU.Build.0 = Release|Any CPU
		{659E367F-FF33-4491-8C3B-B695F1BB4036}.Debug|Any CPU.ActiveCfg = Debug|Any CPU
		{659E367F-FF33-4491-8C3B-B695F1BB4036}.Debug|Any CPU.Build.0 = Debug|Any CPU
		{659E367F-FF33-4491-8C3B-B695F1BB4036}.Release|Any CPU.ActiveCfg = Release|Any CPU
		{659E367F-FF33-4491-8C3B-B695F1BB4036}.Release|Any CPU.Build.0 = Release|Any CPU
		{20318892-9E86-4E61-A7E3-76EFB3512A5C}.Debug|Any CPU.ActiveCfg = Debug|Any CPU
		{20318892-9E86-4E61-A7E3-76EFB3512A5C}.Debug|Any CPU.Build.0 = Debug|Any CPU
		{20318892-9E86-4E61-A7E3-76EFB3512A5C}.Release|Any CPU.ActiveCfg = Release|Any CPU
		{20318892-9E86-4E61-A7E3-76EFB3512A5C}.Release|Any CPU.Build.0 = Release|Any CPU
	EndGlobalSection
	GlobalSection(SolutionProperties) = preSolution
		HideSolutionNode = FALSE
	EndGlobalSection
	GlobalSection(NestedProjects) = preSolution
		{45D7DAB6-AB10-4C80-A941-5C6574FF0185} = {AE00F0CB-656C-4EA3-9B69-F3AE78FACFF9}
		{10939F82-EBD0-43AD-84D2-77906AD7F5FA} = {AE00F0CB-656C-4EA3-9B69-F3AE78FACFF9}
		{D9910CB8-870B-456D-B074-C5BCBED88AC2} = {AE00F0CB-656C-4EA3-9B69-F3AE78FACFF9}
		{A49F993D-C5D6-485C-804F-526404B0CA36} = {F1ECE79F-EFA2-4B60-ACE7-E9E6FCDB1D0A}
		{0080DE5C-98DE-4EB2-913E-43D9AA35FC58} = {AE00F0CB-656C-4EA3-9B69-F3AE78FACFF9}
		{659E367F-FF33-4491-8C3B-B695F1BB4036} = {1E064F6F-CBB1-43CC-99EE-77E9608C5A5E}
		{20318892-9E86-4E61-A7E3-76EFB3512A5C} = {AE00F0CB-656C-4EA3-9B69-F3AE78FACFF9}
	EndGlobalSection
	GlobalSection(ExtensibilityGlobals) = postSolution
		SolutionGuid = {E0F1DBFF-28C2-4555-8A4A-88320D07C8B8}
	EndGlobalSection
EndGlobal
